
Microsoft Visual Studio Solution File, Format Version 12.00
# Visual Studio Version 17
VisualStudioVersion = 17.6.33723.286
MinimumVisualStudioVersion = 10.0.40219.1
Project("{FAE04EC0-301F-11D3-BF4B-00C04F79EFBC}") = "SRP", "..\SRP\SRP.csproj", "{02DF960E-77BC-4B83-9D95-BEE28754FCC1}"
EndProject
Project("{FAE04EC0-301F-11D3-BF4B-00C04F79EFBC}") = "OCP", "..\OCP\OCP.csproj", "{BF0CAD90-9A4D-4739-AF36-4A51459BDE75}"
EndProject
Project("{FAE04EC0-301F-11D3-BF4B-00C04F79EFBC}") = "LSP", "..\LSP\LSP.csproj", "{A455AFC4-9FD6-4A88-9ECE-04A66C2017BE}"
EndProject
Global
	GlobalSection(SolutionConfigurationPlatforms) = preSolution
		Debug|Any CPU = Debug|Any CPU
		Release|Any CPU = Release|Any CPU
	EndGlobalSection
	GlobalSection(ProjectConfigurationPlatforms) = postSolution
		{02DF960E-77BC-4B83-9D95-BEE28754FCC1}.Debug|Any CPU.ActiveCfg = Debug|Any CPU
		{02DF960E-77BC-4B83-9D95-BEE28754FCC1}.Debug|Any CPU.Build.0 = Debug|Any CPU
		{02DF960E-77BC-4B83-9D95-BEE28754FCC1}.Release|Any CPU.ActiveCfg = Release|Any CPU
		{02DF960E-77BC-4B83-9D95-BEE28754FCC1}.Release|Any CPU.Build.0 = Release|Any CPU
		{BF0CAD90-9A4D-4739-AF36-4A51459BDE75}.Debug|Any CPU.ActiveCfg = Debug|Any CPU
		{BF0CAD90-9A4D-4739-AF36-4A51459BDE75}.Debug|Any CPU.Build.0 = Debug|Any CPU
		{BF0CAD90-9A4D-4739-AF36-4A51459BDE75}.Release|Any CPU.ActiveCfg = Release|Any CPU
		{BF0CAD90-9A4D-4739-AF36-4A51459BDE75}.Release|Any CPU.Build.0 = Release|Any CPU
		{A455AFC4-9FD6-4A88-9ECE-04A66C2017BE}.Debug|Any CPU.ActiveCfg = Debug|Any CPU
		{A455AFC4-9FD6-4A88-9ECE-04A66C2017BE}.Debug|Any CPU.Build.0 = Debug|Any CPU
		{A455AFC4-9FD6-4A88-9ECE-04A66C2017BE}.Release|Any CPU.ActiveCfg = Release|Any CPU
		{A455AFC4-9FD6-4A88-9ECE-04A66C2017BE}.Release|Any CPU.Build.0 = Release|Any CPU
	EndGlobalSection
	GlobalSection(SolutionProperties) = preSolution
		HideSolutionNode = FALSE
	EndGlobalSection
	GlobalSection(ExtensibilityGlobals) = postSolution
		SolutionGuid = {297125EB-E547-407D-B1DA-90082BC2CA4C}
	EndGlobalSection
EndGlobal
